
Microsoft Visual Studio Solution File, Format Version 12.00
# Visual Studio Version 17
VisualStudioVersion = 17.8.34330.188
MinimumVisualStudioVersion = 10.0.40219.1
Project("{FAE04EC0-301F-11D3-BF4B-00C04F79EFBC}") = "Odai", "Odai\Odai.csproj", "{90E29D89-A178-407A-AA83-2E5B84303669}"
EndProject
Project("{FAE04EC0-301F-11D3-BF4B-00C04F79EFBC}") = "Odai.Tests", "Odai.Tests\Odai.Tests.csproj", "{B07941E5-4C60-4FDD-B302-DFD1A7A0A16E}"
EndProject
Project("{FAE04EC0-301F-11D3-BF4B-00C04F79EFBC}") = "Odai.Benchmark", "Odai.Benchmark\Odai.Benchmark.csproj", "{B897F529-C522-4F81-A7F0-A48A56774EC0}"
EndProject
Global
	GlobalSection(SolutionConfigurationPlatforms) = preSolution
		Debug|Any CPU = Debug|Any CPU
		Release|Any CPU = Release|Any CPU
	EndGlobalSection
	GlobalSection(ProjectConfigurationPlatforms) = postSolution
		{90E29D89-A178-407A-AA83-2E5B84303669}.Debug|Any CPU.ActiveCfg = Debug|Any CPU
		{90E29D89-A178-407A-AA83-2E5B84303669}.Debug|Any CPU.Build.0 = Debug|Any CPU
		{90E29D89-A178-407A-AA83-2E5B84303669}.Release|Any CPU.ActiveCfg = Release|Any CPU
		{90E29D89-A178-407A-AA83-2E5B84303669}.Release|Any CPU.Build.0 = Release|Any CPU
		{B07941E5-4C60-4FDD-B302-DFD1A7A0A16E}.Debug|Any CPU.ActiveCfg = Debug|Any CPU
		{B07941E5-4C60-4FDD-B302-DFD1A7A0A16E}.Debug|Any CPU.Build.0 = Debug|Any CPU
		{B07941E5-4C60-4FDD-B302-DFD1A7A0A16E}.Release|Any CPU.ActiveCfg = Release|Any CPU
		{B07941E5-4C60-4FDD-B302-DFD1A7A0A16E}.Release|Any CPU.Build.0 = Release|Any CPU
		{B897F529-C522-4F81-A7F0-A48A56774EC0}.Debug|Any CPU.ActiveCfg = Debug|Any CPU
		{B897F529-C522-4F81-A7F0-A48A56774EC0}.Debug|Any CPU.Build.0 = Debug|Any CPU
		{B897F529-C522-4F81-A7F0-A48A56774EC0}.Release|Any CPU.ActiveCfg = Release|Any CPU
		{B897F529-C522-4F81-A7F0-A48A56774EC0}.Release|Any CPU.Build.0 = Release|Any CPU
	EndGlobalSection
	GlobalSection(SolutionProperties) = preSolution
		HideSolutionNode = FALSE
	EndGlobalSection
	GlobalSection(ExtensibilityGlobals) = postSolution
		SolutionGuid = {50A340FE-80BB-455A-AA55-B0D7C84CB99D}
	EndGlobalSection
EndGlobal
